// !$*UTF8*$!
{
	archiveVersion = 1;
	classes = {
	};
	objectVersion = 55;
	objects = {

/* Begin PBXBuildFile section */
		FA9A1CF228761CE600CFD5EB /* Tests_iOS.swift in Sources */ = {isa = PBXBuildFile; fileRef = FA9A1CF128761CE600CFD5EB /* Tests_iOS.swift */; };
		FA9A1CF428761CE600CFD5EB /* Tests_iOSLaunchTests.swift in Sources */ = {isa = PBXBuildFile; fileRef = FA9A1CF328761CE600CFD5EB /* Tests_iOSLaunchTests.swift */; };
		FA9A1CFE28761CE600CFD5EB /* Tests_macOS.swift in Sources */ = {isa = PBXBuildFile; fileRef = FA9A1CFD28761CE600CFD5EB /* Tests_macOS.swift */; };
		FA9A1D0028761CE600CFD5EB /* Tests_macOSLaunchTests.swift in Sources */ = {isa = PBXBuildFile; fileRef = FA9A1CFF28761CE600CFD5EB /* Tests_macOSLaunchTests.swift */; };
		FA9A1D0128761CE600CFD5EB /* Lesson4App.swift in Sources */ = {isa = PBXBuildFile; fileRef = FA9A1CD928761CE400CFD5EB /* Lesson4App.swift */; };
		FA9A1D0228761CE600CFD5EB /* Lesson4App.swift in Sources */ = {isa = PBXBuildFile; fileRef = FA9A1CD928761CE400CFD5EB /* Lesson4App.swift */; };
		FA9A1D0328761CE600CFD5EB /* ContentView.swift in Sources */ = {isa = PBXBuildFile; fileRef = FA9A1CDA28761CE400CFD5EB /* ContentView.swift */; };
		FA9A1D0428761CE600CFD5EB /* ContentView.swift in Sources */ = {isa = PBXBuildFile; fileRef = FA9A1CDA28761CE400CFD5EB /* ContentView.swift */; };
		FA9A1D0528761CE600CFD5EB /* Assets.xcassets in Resources */ = {isa = PBXBuildFile; fileRef = FA9A1CDB28761CE600CFD5EB /* Assets.xcassets */; };
		FA9A1D0628761CE600CFD5EB /* Assets.xcassets in Resources */ = {isa = PBXBuildFile; fileRef = FA9A1CDB28761CE600CFD5EB /* Assets.xcassets */; };
/* End PBXBuildFile section */

/* Begin PBXContainerItemProxy section */
		FA9A1CEE28761CE600CFD5EB /* PBXContainerItemProxy */ = {
			isa = PBXContainerItemProxy;
			containerPortal = FA9A1CD428761CE400CFD5EB /* Project object */;
			proxyType = 1;
			remoteGlobalIDString = FA9A1CDF28761CE600CFD5EB;
			remoteInfo = "Lesson4 (iOS)";
		};
		FA9A1CFA28761CE600CFD5EB /* PBXContainerItemProxy */ = {
			isa = PBXContainerItemProxy;
			containerPortal = FA9A1CD428761CE400CFD5EB /* Project object */;
			proxyType = 1;
			remoteGlobalIDString = FA9A1CE528761CE600CFD5EB;
			remoteInfo = "Lesson4 (macOS)";
		};
/* End PBXContainerItemProxy section */

/* Begin PBXFileReference section */
		FA9A1CD928761CE400CFD5EB /* Lesson4App.swift */ = {isa = PBXFileReference; lastKnownFileType = sourcecode.swift; path = Lesson4App.swift; sourceTree = "<group>"; };
		FA9A1CDA28761CE400CFD5EB /* ContentView.swift */ = {isa = PBXFileReference; lastKnownFileType = sourcecode.swift; path = ContentView.swift; sourceTree = "<group>"; };
		FA9A1CDB28761CE600CFD5EB /* Assets.xcassets */ = {isa = PBXFileReference; lastKnownFileType = folder.assetcatalog; path = Assets.xcassets; sourceTree = "<group>"; };
		FA9A1CE028761CE600CFD5EB /* Lesson4.app */ = {isa = PBXFileReference; explicitFileType = wrapper.application; includeInIndex = 0; path = Lesson4.app; sourceTree = BUILT_PRODUCTS_DIR; };
		FA9A1CE628761CE600CFD5EB /* Lesson4.app */ = {isa = PBXFileReference; explicitFileType = wrapper.application; includeInIndex = 0; path = Lesson4.app; sourceTree = BUILT_PRODUCTS_DIR; };
		FA9A1CE828761CE600CFD5EB /* macOS.entitlements */ = {isa = PBXFileReference; lastKnownFileType = text.plist.entitlements; path = macOS.entitlements; sourceTree = "<group>"; };
		FA9A1CED28761CE600CFD5EB /* Tests iOS.xctest */ = {isa = PBXFileReference; explicitFileType = wrapper.cfbundle; includeInIndex = 0; path = "Tests iOS.xctest"; sourceTree = BUILT_PRODUCTS_DIR; };
		FA9A1CF128761CE600CFD5EB /* Tests_iOS.swift */ = {isa = PBXFileReference; lastKnownFileType = sourcecode.swift; path = Tests_iOS.swift; sourceTree = "<group>"; };
		FA9A1CF328761CE600CFD5EB /* Tests_iOSLaunchTests.swift */ = {isa = PBXFileReference; lastKnownFileType = sourcecode.swift; path = Tests_iOSLaunchTests.swift; sourceTree = "<group>"; };
		FA9A1CF928761CE600CFD5EB /* Tests macOS.xctest */ = {isa = PBXFileReference; explicitFileType = wrapper.cfbundle; includeInIndex = 0; path = "Tests macOS.xctest"; sourceTree = BUILT_PRODUCTS_DIR; };
		FA9A1CFD28761CE600CFD5EB /* Tests_macOS.swift */ = {isa = PBXFileReference; lastKnownFileType = sourcecode.swift; path = Tests_macOS.swift; sourceTree = "<group>"; };
		FA9A1CFF28761CE600CFD5EB /* Tests_macOSLaunchTests.swift */ = {isa = PBXFileReference; lastKnownFileType = sourcecode.swift; path = Tests_macOSLaunchTests.swift; sourceTree = "<group>"; };
/* End PBXFileReference section */

/* Begin PBXFrameworksBuildPhase section */
		FA9A1CDD28761CE600CFD5EB /* Frameworks */ = {
			isa = PBXFrameworksBuildPhase;
			buildActionMask = 2147483647;
			files = (
			);
			runOnlyForDeploymentPostprocessing = 0;
		};
		FA9A1CE328761CE600CFD5EB /* Frameworks */ = {
			isa = PBXFrameworksBuildPhase;
			buildActionMask = 2147483647;
			files = (
			);
			runOnlyForDeploymentPostprocessing = 0;
		};
		FA9A1CEA28761CE600CFD5EB /* Frameworks */ = {
			isa = PBXFrameworksBuildPhase;
			buildActionMask = 2147483647;
			files = (
			);
			runOnlyForDeploymentPostprocessing = 0;
		};
		FA9A1CF628761CE600CFD5EB /* Frameworks */ = {
			isa = PBXFrameworksBuildPhase;
			buildActionMask = 2147483647;
			files = (
			);
			runOnlyForDeploymentPostprocessing = 0;
		};
/* End PBXFrameworksBuildPhase section */

/* Begin PBXGroup section */
		FA9A1CD328761CE400CFD5EB = {
			isa = PBXGroup;
			children = (
				FA9A1CD828761CE400CFD5EB /* Shared */,
				FA9A1CE728761CE600CFD5EB /* macOS */,
				FA9A1CF028761CE600CFD5EB /* Tests iOS */,
				FA9A1CFC28761CE600CFD5EB /* Tests macOS */,
				FA9A1CE128761CE600CFD5EB /* Products */,
			);
			sourceTree = "<group>";
		};
		FA9A1CD828761CE400CFD5EB /* Shared */ = {
			isa = PBXGroup;
			children = (
				FA9A1CD928761CE400CFD5EB /* Lesson4App.swift */,
				FA9A1CDA28761CE400CFD5EB /* ContentView.swift */,
				FA9A1CDB28761CE600CFD5EB /* Assets.xcassets */,
			);
			path = Shared;
			sourceTree = "<group>";
		};
		FA9A1CE128761CE600CFD5EB /* Products */ = {
			isa = PBXGroup;
			children = (
				FA9A1CE028761CE600CFD5EB /* Lesson4.app */,
				FA9A1CE628761CE600CFD5EB /* Lesson4.app */,
				FA9A1CED28761CE600CFD5EB /* Tests iOS.xctest */,
				FA9A1CF928761CE600CFD5EB /* Tests macOS.xctest */,
			);
			name = Products;
			sourceTree = "<group>";
		};
		FA9A1CE728761CE600CFD5EB /* macOS */ = {
			isa = PBXGroup;
			children = (
				FA9A1CE828761CE600CFD5EB /* macOS.entitlements */,
			);
			path = macOS;
			sourceTree = "<group>";
		};
		FA9A1CF028761CE600CFD5EB /* Tests iOS */ = {
			isa = PBXGroup;
			children = (
				FA9A1CF128761CE600CFD5EB /* Tests_iOS.swift */,
				FA9A1CF328761CE600CFD5EB /* Tests_iOSLaunchTests.swift */,
			);
			path = "Tests iOS";
			sourceTree = "<group>";
		};
		FA9A1CFC28761CE600CFD5EB /* Tests macOS */ = {
			isa = PBXGroup;
			children = (
				FA9A1CFD28761CE600CFD5EB /* Tests_macOS.swift */,
				FA9A1CFF28761CE600CFD5EB /* Tests_macOSLaunchTests.swift */,
			);
			path = "Tests macOS";
			sourceTree = "<group>";
		};
/* End PBXGroup section */

/* Begin PBXNativeTarget section */
		FA9A1CDF28761CE600CFD5EB /* Lesson4 (iOS) */ = {
			isa = PBXNativeTarget;
			buildConfigurationList = FA9A1D0928761CE600CFD5EB /* Build configuration list for PBXNativeTarget "Lesson4 (iOS)" */;
			buildPhases = (
				FA9A1CDC28761CE600CFD5EB /* Sources */,
				FA9A1CDD28761CE600CFD5EB /* Frameworks */,
				FA9A1CDE28761CE600CFD5EB /* Resources */,
			);
			buildRules = (
			);
			dependencies = (
			);
			name = "Lesson4 (iOS)";
			productName = "Lesson4 (iOS)";
			productReference = FA9A1CE028761CE600CFD5EB /* Lesson4.app */;
			productType = "com.apple.product-type.application";
		};
		FA9A1CE528761CE600CFD5EB /* Lesson4 (macOS) */ = {
			isa = PBXNativeTarget;
			buildConfigurationList = FA9A1D0C28761CE600CFD5EB /* Build configuration list for PBXNativeTarget "Lesson4 (macOS)" */;
			buildPhases = (
				FA9A1CE228761CE600CFD5EB /* Sources */,
				FA9A1CE328761CE600CFD5EB /* Frameworks */,
				FA9A1CE428761CE600CFD5EB /* Resources */,
			);
			buildRules = (
			);
			dependencies = (
			);
			name = "Lesson4 (macOS)";
			productName = "Lesson4 (macOS)";
			productReference = FA9A1CE628761CE600CFD5EB /* Lesson4.app */;
			productType = "com.apple.product-type.application";
		};
		FA9A1CEC28761CE600CFD5EB /* Tests iOS */ = {
			isa = PBXNativeTarget;
			buildConfigurationList = FA9A1D0F28761CE600CFD5EB /* Build configuration list for PBXNativeTarget "Tests iOS" */;
			buildPhases = (
				FA9A1CE928761CE600CFD5EB /* Sources */,
				FA9A1CEA28761CE600CFD5EB /* Frameworks */,
				FA9A1CEB28761CE600CFD5EB /* Resources */,
			);
			buildRules = (
			);
			dependencies = (
				FA9A1CEF28761CE600CFD5EB /* PBXTargetDependency */,
			);
			name = "Tests iOS";
			productName = "Tests iOS";
			productReference = FA9A1CED28761CE600CFD5EB /* Tests iOS.xctest */;
			productType = "com.apple.product-type.bundle.ui-testing";
		};
		FA9A1CF828761CE600CFD5EB /* Tests macOS */ = {
			isa = PBXNativeTarget;
			buildConfigurationList = FA9A1D1228761CE600CFD5EB /* Build configuration list for PBXNativeTarget "Tests macOS" */;
			buildPhases = (
				FA9A1CF528761CE600CFD5EB /* Sources */,
				FA9A1CF628761CE600CFD5EB /* Frameworks */,
				FA9A1CF728761CE600CFD5EB /* Resources */,
			);
			buildRules = (
			);
			dependencies = (
				FA9A1CFB28761CE600CFD5EB /* PBXTargetDependency */,
			);
			name = "Tests macOS";
			productName = "Tests macOS";
			productReference = FA9A1CF928761CE600CFD5EB /* Tests macOS.xctest */;
			productType = "com.apple.product-type.bundle.ui-testing";
		};
/* End PBXNativeTarget section */

/* Begin PBXProject section */
		FA9A1CD428761CE400CFD5EB /* Project object */ = {
			isa = PBXProject;
			attributes = {
				BuildIndependentTargetsInParallel = 1;
				LastSwiftUpdateCheck = 1340;
				LastUpgradeCheck = 1340;
				TargetAttributes = {
					FA9A1CDF28761CE600CFD5EB = {
						CreatedOnToolsVersion = 13.4;
					};
					FA9A1CE528761CE600CFD5EB = {
						CreatedOnToolsVersion = 13.4;
					};
					FA9A1CEC28761CE600CFD5EB = {
						CreatedOnToolsVersion = 13.4;
						TestTargetID = FA9A1CDF28761CE600CFD5EB;
					};
					FA9A1CF828761CE600CFD5EB = {
						CreatedOnToolsVersion = 13.4;
						TestTargetID = FA9A1CE528761CE600CFD5EB;
					};
				};
			};
			buildConfigurationList = FA9A1CD728761CE400CFD5EB /* Build configuration list for PBXProject "Lesson4" */;
			compatibilityVersion = "Xcode 13.0";
			developmentRegion = en;
			hasScannedForEncodings = 0;
			knownRegions = (
				en,
				Base,
			);
			mainGroup = FA9A1CD328761CE400CFD5EB;
			productRefGroup = FA9A1CE128761CE600CFD5EB /* Products */;
			projectDirPath = "";
			projectRoot = "";
			targets = (
				FA9A1CDF28761CE600CFD5EB /* Lesson4 (iOS) */,
				FA9A1CE528761CE600CFD5EB /* Lesson4 (macOS) */,
				FA9A1CEC28761CE600CFD5EB /* Tests iOS */,
				FA9A1CF828761CE600CFD5EB /* Tests macOS */,
			);
		};
/* End PBXProject section */

/* Begin PBXResourcesBuildPhase section */
		FA9A1CDE28761CE600CFD5EB /* Resources */ = {
			isa = PBXResourcesBuildPhase;
			buildActionMask = 2147483647;
			files = (
				FA9A1D0528761CE600CFD5EB /* Assets.xcassets in Resources */,
			);
			runOnlyForDeploymentPostprocessing = 0;
		};
		FA9A1CE428761CE600CFD5EB /* Resources */ = {
			isa = PBXResourcesBuildPhase;
			buildActionMask = 2147483647;
			files = (
				FA9A1D0628761CE600CFD5EB /* Assets.xcassets in Resources */,
			);
			runOnlyForDeploymentPostprocessing = 0;
		};
		FA9A1CEB28761CE600CFD5EB /* Resources */ = {
			isa = PBXResourcesBuildPhase;
			buildActionMask = 2147483647;
			files = (
			);
			runOnlyForDeploymentPostprocessing = 0;
		};
		FA9A1CF728761CE600CFD5EB /* Resources */ = {
			isa = PBXResourcesBuildPhase;
			buildActionMask = 2147483647;
			files = (
			);
			runOnlyForDeploymentPostprocessing = 0;
		};
/* End PBXResourcesBuildPhase section */

/* Begin PBXSourcesBuildPhase section */
		FA9A1CDC28761CE600CFD5EB /* Sources */ = {
			isa = PBXSourcesBuildPhase;
			buildActionMask = 2147483647;
			files = (
				FA9A1D0328761CE600CFD5EB /* ContentView.swift in Sources */,
				FA9A1D0128761CE600CFD5EB /* Lesson4App.swift in Sources */,
			);
			runOnlyForDeploymentPostprocessing = 0;
		};
		FA9A1CE228761CE600CFD5EB /* Sources */ = {
			isa = PBXSourcesBuildPhase;
			buildActionMask = 2147483647;
			files = (
				FA9A1D0428761CE600CFD5EB /* ContentView.swift in Sources */,
				FA9A1D0228761CE600CFD5EB /* Lesson4App.swift in Sources */,
			);
			runOnlyForDeploymentPostprocessing = 0;
		};
		FA9A1CE928761CE600CFD5EB /* Sources */ = {
			isa = PBXSourcesBuildPhase;
			buildActionMask = 2147483647;
			files = (
				FA9A1CF428761CE600CFD5EB /* Tests_iOSLaunchTests.swift in Sources */,
				FA9A1CF228761CE600CFD5EB /* Tests_iOS.swift in Sources */,
			);
			runOnlyForDeploymentPostprocessing = 0;
		};
		FA9A1CF528761CE600CFD5EB /* Sources */ = {
			isa = PBXSourcesBuildPhase;
			buildActionMask = 2147483647;
			files = (
				FA9A1D0028761CE600CFD5EB /* Tests_macOSLaunchTests.swift in Sources */,
				FA9A1CFE28761CE600CFD5EB /* Tests_macOS.swift in Sources */,
			);
			runOnlyForDeploymentPostprocessing = 0;
		};
/* End PBXSourcesBuildPhase section */

/* Begin PBXTargetDependency section */
		FA9A1CEF28761CE600CFD5EB /* PBXTargetDependency */ = {
			isa = PBXTargetDependency;
			target = FA9A1CDF28761CE600CFD5EB /* Lesson4 (iOS) */;
			targetProxy = FA9A1CEE28761CE600CFD5EB /* PBXContainerItemProxy */;
		};
		FA9A1CFB28761CE600CFD5EB /* PBXTargetDependency */ = {
			isa = PBXTargetDependency;
			target = FA9A1CE528761CE600CFD5EB /* Lesson4 (macOS) */;
			targetProxy = FA9A1CFA28761CE600CFD5EB /* PBXContainerItemProxy */;
		};
/* End PBXTargetDependency section */

/* Begin XCBuildConfiguration section */
		FA9A1D0728761CE600CFD5EB /* Debug */ = {
			isa = XCBuildConfiguration;
			buildSettings = {
				ALWAYS_SEARCH_USER_PATHS = NO;
				CLANG_ANALYZER_NONNULL = YES;
				CLANG_ANALYZER_NUMBER_OBJECT_CONVERSION = YES_AGGRESSIVE;
				CLANG_CXX_LANGUAGE_STANDARD = "gnu++17";
				CLANG_ENABLE_MODULES = YES;
				CLANG_ENABLE_OBJC_ARC = YES;
				CLANG_ENABLE_OBJC_WEAK = YES;
				CLANG_WARN_BLOCK_CAPTURE_AUTORELEASING = YES;
				CLANG_WARN_BOOL_CONVERSION = YES;
				CLANG_WARN_COMMA = YES;
				CLANG_WARN_CONSTANT_CONVERSION = YES;
				CLANG_WARN_DEPRECATED_OBJC_IMPLEMENTATIONS = YES;
				CLANG_WARN_DIRECT_OBJC_ISA_USAGE = YES_ERROR;
				CLANG_WARN_DOCUMENTATION_COMMENTS = YES;
				CLANG_WARN_EMPTY_BODY = YES;
				CLANG_WARN_ENUM_CONVERSION = YES;
				CLANG_WARN_INFINITE_RECURSION = YES;
				CLANG_WARN_INT_CONVERSION = YES;
				CLANG_WARN_NON_LITERAL_NULL_CONVERSION = YES;
				CLANG_WARN_OBJC_IMPLICIT_RETAIN_SELF = YES;
				CLANG_WARN_OBJC_LITERAL_CONVERSION = YES;
				CLANG_WARN_OBJC_ROOT_CLASS = YES_ERROR;
				CLANG_WARN_QUOTED_INCLUDE_IN_FRAMEWORK_HEADER = YES;
				CLANG_WARN_RANGE_LOOP_ANALYSIS = YES;
				CLANG_WARN_STRICT_PROTOTYPES = YES;
				CLANG_WARN_SUSPICIOUS_MOVE = YES;
				CLANG_WARN_UNGUARDED_AVAILABILITY = YES_AGGRESSIVE;
				CLANG_WARN_UNREACHABLE_CODE = YES;
				CLANG_WARN__DUPLICATE_METHOD_MATCH = YES;
				COPY_PHASE_STRIP = NO;
				DEBUG_INFORMATION_FORMAT = dwarf;
				ENABLE_STRICT_OBJC_MSGSEND = YES;
				ENABLE_TESTABILITY = YES;
				GCC_C_LANGUAGE_STANDARD = gnu11;
				GCC_DYNAMIC_NO_PIC = NO;
				GCC_NO_COMMON_BLOCKS = YES;
				GCC_OPTIMIZATION_LEVEL = 0;
				GCC_PREPROCESSOR_DEFINITIONS = (
					"DEBUG=1",
					"$(inherited)",
				);
				GCC_WARN_64_TO_32_BIT_CONVERSION = YES;
				GCC_WARN_ABOUT_RETURN_TYPE = YES_ERROR;
				GCC_WARN_UNDECLARED_SELECTOR = YES;
				GCC_WARN_UNINITIALIZED_AUTOS = YES_AGGRESSIVE;
				GCC_WARN_UNUSED_FUNCTION = YES;
				GCC_WARN_UNUSED_VARIABLE = YES;
				MTL_ENABLE_DEBUG_INFO = INCLUDE_SOURCE;
				MTL_FAST_MATH = YES;
				ONLY_ACTIVE_ARCH = YES;
				SWIFT_ACTIVE_COMPILATION_CONDITIONS = DEBUG;
				SWIFT_OPTIMIZATION_LEVEL = "-Onone";
			};
			name = Debug;
		};
		FA9A1D0828761CE600CFD5EB /* Release */ = {
			isa = XCBuildConfiguration;
			buildSettings = {
				ALWAYS_SEARCH_USER_PATHS = NO;
				CLANG_ANALYZER_NONNULL = YES;
				CLANG_ANALYZER_NUMBER_OBJECT_CONVERSION = YES_AGGRESSIVE;
				CLANG_CXX_LANGUAGE_STANDARD = "gnu++17";
				CLANG_ENABLE_MODULES = YES;
				CLANG_ENABLE_OBJC_ARC = YES;
				CLANG_ENABLE_OBJC_WEAK = YES;
				CLANG_WARN_BLOCK_CAPTURE_AUTORELEASING = YES;
				CLANG_WARN_BOOL_CONVERSION = YES;
				CLANG_WARN_COMMA = YES;
				CLANG_WARN_CONSTANT_CONVERSION = YES;
				CLANG_WARN_DEPRECATED_OBJC_IMPLEMENTATIONS = YES;
				CLANG_WARN_DIRECT_OBJC_ISA_USAGE = YES_ERROR;
				CLANG_WARN_DOCUMENTATION_COMMENTS = YES;
				CLANG_WARN_EMPTY_BODY = YES;
				CLANG_WARN_ENUM_CONVERSION = YES;
				CLANG_WARN_INFINITE_RECURSION = YES;
				CLANG_WARN_INT_CONVERSION = YES;
				CLANG_WARN_NON_LITERAL_NULL_CONVERSION = YES;
				CLANG_WARN_OBJC_IMPLICIT_RETAIN_SELF = YES;
				CLANG_WARN_OBJC_LITERAL_CONVERSION = YES;
				CLANG_WARN_OBJC_ROOT_CLASS = YES_ERROR;
				CLANG_WARN_QUOTED_INCLUDE_IN_FRAMEWORK_HEADER = YES;
				CLANG_WARN_RANGE_LOOP_ANALYSIS = YES;
				CLANG_WARN_STRICT_PROTOTYPES = YES;
				CLANG_WARN_SUSPICIOUS_MOVE = YES;
				CLANG_WARN_UNGUARDED_AVAILABILITY = YES_AGGRESSIVE;
				CLANG_WARN_UNREACHABLE_CODE = YES;
				CLANG_WARN__DUPLICATE_METHOD_MATCH = YES;
				COPY_PHASE_STRIP = NO;
				DEBUG_INFORMATION_FORMAT = "dwarf-with-dsym";
				ENABLE_NS_ASSERTIONS = NO;
				ENABLE_STRICT_OBJC_MSGSEND = YES;
				GCC_C_LANGUAGE_STANDARD = gnu11;
				GCC_NO_COMMON_BLOCKS = YES;
				GCC_WARN_64_TO_32_BIT_CONVERSION = YES;
				GCC_WARN_ABOUT_RETURN_TYPE = YES_ERROR;
				GCC_WARN_UNDECLARED_SELECTOR = YES;
				GCC_WARN_UNINITIALIZED_AUTOS = YES_AGGRESSIVE;
				GCC_WARN_UNUSED_FUNCTION = YES;
				GCC_WARN_UNUSED_VARIABLE = YES;
				MTL_ENABLE_DEBUG_INFO = NO;
				MTL_FAST_MATH = YES;
				SWIFT_COMPILATION_MODE = wholemodule;
				SWIFT_OPTIMIZATION_LEVEL = "-O";
			};
			name = Release;
		};
		FA9A1D0A28761CE600CFD5EB /* Debug */ = {
			isa = XCBuildConfiguration;
			buildSettings = {
				ASSETCATALOG_COMPILER_APPICON_NAME = AppIcon;
				ASSETCATALOG_COMPILER_GLOBAL_ACCENT_COLOR_NAME = AccentColor;
				CODE_SIGN_STYLE = Automatic;
				CURRENT_PROJECT_VERSION = 1;
				DEVELOPMENT_TEAM = H5KQM6399W;
				ENABLE_PREVIEWS = YES;
				GENERATE_INFOPLIST_FILE = YES;
				INFOPLIST_KEY_UIApplicationSceneManifest_Generation = YES;
				INFOPLIST_KEY_UIApplicationSupportsIndirectInputEvents = YES;
				INFOPLIST_KEY_UILaunchScreen_Generation = YES;
				INFOPLIST_KEY_UISupportedInterfaceOrientations_iPad = "UIInterfaceOrientationPortrait UIInterfaceOrientationPortraitUpsideDown UIInterfaceOrientationLandscapeLeft UIInterfaceOrientationLandscapeRight";
				INFOPLIST_KEY_UISupportedInterfaceOrientations_iPhone = "UIInterfaceOrientationPortrait UIInterfaceOrientationLandscapeLeft UIInterfaceOrientationLandscapeRight";
				IPHONEOS_DEPLOYMENT_TARGET = 15.5;
				LD_RUNPATH_SEARCH_PATHS = (
					"$(inherited)",
					"@executable_path/Frameworks",
				);
				MARKETING_VERSION = 1.0;
				PRODUCT_BUNDLE_IDENTIFIER = com.rachelskwerer.Lesson4;
				PRODUCT_NAME = Lesson4;
				SDKROOT = iphoneos;
				SWIFT_EMIT_LOC_STRINGS = YES;
				SWIFT_VERSION = 5.0;
				TARGETED_DEVICE_FAMILY = "1,2";
			};
			name = Debug;
		};
		FA9A1D0B28761CE600CFD5EB /* Release */ = {
			isa = XCBuildConfiguration;
			buildSettings = {
				ASSETCATALOG_COMPILER_APPICON_NAME = AppIcon;
				ASSETCATALOG_COMPILER_GLOBAL_ACCENT_COLOR_NAME = AccentColor;
				CODE_SIGN_STYLE = Automatic;
				CURRENT_PROJECT_VERSION = 1;
				DEVELOPMENT_TEAM = H5KQM6399W;
				ENABLE_PREVIEWS = YES;
				GENERATE_INFOPLIST_FILE = YES;
				INFOPLIST_KEY_UIApplicationSceneManifest_Generation = YES;
				INFOPLIST_KEY_UIApplicationSupportsIndirectInputEvents = YES;
				INFOPLIST_KEY_UILaunchScreen_Generation = YES;
				INFOPLIST_KEY_UISupportedInterfaceOrientations_iPad = "UIInterfaceOrientationPortrait UIInterfaceOrientationPortraitUpsideDown UIInterfaceOrientationLandscapeLeft UIInterfaceOrientationLandscapeRight";
				INFOPLIST_KEY_UISupportedInterfaceOrientations_iPhone = "UIInterfaceOrientationPortrait UIInterfaceOrientationLandscapeLeft UIInterfaceOrientationLandscapeRight";
				IPHONEOS_DEPLOYMENT_TARGET = 15.5;
				LD_RUNPATH_SEARCH_PATHS = (
					"$(inherited)",
					"@executable_path/Frameworks",
				);
				MARKETING_VERSION = 1.0;
				PRODUCT_BUNDLE_IDENTIFIER = com.rachelskwerer.Lesson4;
				PRODUCT_NAME = Lesson4;
				SDKROOT = iphoneos;
				SWIFT_EMIT_LOC_STRINGS = YES;
				SWIFT_VERSION = 5.0;
				TARGETED_DEVICE_FAMILY = "1,2";
				VALIDATE_PRODUCT = YES;
			};
			name = Release;
		};
		FA9A1D0D28761CE600CFD5EB /* Debug */ = {
			isa = XCBuildConfiguration;
			buildSettings = {
				ASSETCATALOG_COMPILER_APPICON_NAME = AppIcon;
				ASSETCATALOG_COMPILER_GLOBAL_ACCENT_COLOR_NAME = AccentColor;
				CODE_SIGN_ENTITLEMENTS = macOS/macOS.entitlements;
				CODE_SIGN_STYLE = Automatic;
				COMBINE_HIDPI_IMAGES = YES;
				CURRENT_PROJECT_VERSION = 1;
				DEVELOPMENT_TEAM = H5KQM6399W;
				ENABLE_HARDENED_RUNTIME = YES;
				ENABLE_PREVIEWS = YES;
				GENERATE_INFOPLIST_FILE = YES;
				INFOPLIST_KEY_NSHumanReadableCopyright = "";
				LD_RUNPATH_SEARCH_PATHS = (
					"$(inherited)",
					"@executable_path/../Frameworks",
				);
				MACOSX_DEPLOYMENT_TARGET = 12.3;
				MARKETING_VERSION = 1.0;
				PRODUCT_BUNDLE_IDENTIFIER = com.rachelskwerer.Lesson4;
				PRODUCT_NAME = Lesson4;
				SDKROOT = macosx;
				SWIFT_EMIT_LOC_STRINGS = YES;
				SWIFT_VERSION = 5.0;
			};
			name = Debug;
		};
		FA9A1D0E28761CE600CFD5EB /* Release */ = {
			isa = XCBuildConfiguration;
			buildSettings = {
				ASSETCATALOG_COMPILER_APPICON_NAME = AppIcon;
				ASSETCATALOG_COMPILER_GLOBAL_ACCENT_COLOR_NAME = AccentColor;
				CODE_SIGN_ENTITLEMENTS = macOS/macOS.entitlements;
				CODE_SIGN_STYLE = Automatic;
				COMBINE_HIDPI_IMAGES = YES;
				CURRENT_PROJECT_VERSION = 1;
				DEVELOPMENT_TEAM = H5KQM6399W;
				ENABLE_HARDENED_RUNTIME = YES;
				ENABLE_PREVIEWS = YES;
				GENERATE_INFOPLIST_FILE = YES;
				INFOPLIST_KEY_NSHumanReadableCopyright = "";
				LD_RUNPATH_SEARCH_PATHS = (
					"$(inherited)",
					"@executable_path/../Frameworks",
				);
				MACOSX_DEPLOYMENT_TARGET = 12.3;
				MARKETING_VERSION = 1.0;
				PRODUCT_BUNDLE_IDENTIFIER = com.rachelskwerer.Lesson4;
				PRODUCT_NAME = Lesson4;
				SDKROOT = macosx;
				SWIFT_EMIT_LOC_STRINGS = YES;
				SWIFT_VERSION = 5.0;
			};
			name = Release;
		};
		FA9A1D1028761CE600CFD5EB /* Debug */ = {
			isa = XCBuildConfiguration;
			buildSettings = {
				ALWAYS_EMBED_SWIFT_STANDARD_LIBRARIES = YES;
				CODE_SIGN_STYLE = Automatic;
				CURRENT_PROJECT_VERSION = 1;
				DEVELOPMENT_TEAM = H5KQM6399W;
				GENERATE_INFOPLIST_FILE = YES;
				IPHONEOS_DEPLOYMENT_TARGET = 15.5;
				MARKETING_VERSION = 1.0;
				PRODUCT_BUNDLE_IDENTIFIER = "com.rachelskwerer.Tests-iOS";
				PRODUCT_NAME = "$(TARGET_NAME)";
				SDKROOT = iphoneos;
				SWIFT_EMIT_LOC_STRINGS = NO;
				SWIFT_VERSION = 5.0;
				TARGETED_DEVICE_FAMILY = "1,2";
				TEST_TARGET_NAME = "Lesson4 (iOS)";
			};
			name = Debug;
		};
		FA9A1D1128761CE600CFD5EB /* Release */ = {
			isa = XCBuildConfiguration;
			buildSettings = {
				ALWAYS_EMBED_SWIFT_STANDARD_LIBRARIES = YES;
				CODE_SIGN_STYLE = Automatic;
				CURRENT_PROJECT_VERSION = 1;
				DEVELOPMENT_TEAM = H5KQM6399W;
				GENERATE_INFOPLIST_FILE = YES;
				IPHONEOS_DEPLOYMENT_TARGET = 15.5;
				MARKETING_VERSION = 1.0;
				PRODUCT_BUNDLE_IDENTIFIER = "com.rachelskwerer.Tests-iOS";
				PRODUCT_NAME = "$(TARGET_NAME)";
				SDKROOT = iphoneos;
				SWIFT_EMIT_LOC_STRINGS = NO;
				SWIFT_VERSION = 5.0;
				TARGETED_DEVICE_FAMILY = "1,2";
				TEST_TARGET_NAME = "Lesson4 (iOS)";
				VALIDATE_PRODUCT = YES;
			};
			name = Release;
		};
		FA9A1D1328761CE600CFD5EB /* Debug */ = {
			isa = XCBuildConfiguration;
			buildSettings = {
				ALWAYS_EMBED_SWIFT_STANDARD_LIBRARIES = YES;
				CODE_SIGN_STYLE = Automatic;
				CURRENT_PROJECT_VERSION = 1;
				DEVELOPMENT_TEAM = H5KQM6399W;
				GENERATE_INFOPLIST_FILE = YES;
				MACOSX_DEPLOYMENT_TARGET = 12.3;
				MARKETING_VERSION = 1.0;
				PRODUCT_BUNDLE_IDENTIFIER = "com.rachelskwerer.Tests-macOS";
				PRODUCT_NAME = "$(TARGET_NAME)";
				SDKROOT = macosx;
				SWIFT_EMIT_LOC_STRINGS = NO;
				SWIFT_VERSION = 5.0;
				TEST_TARGET_NAME = "Lesson4 (macOS)";
			};
			name = Debug;
		};
		FA9A1D1428761CE600CFD5EB /* Release */ = {
			isa = XCBuildConfiguration;
			buildSettings = {
				ALWAYS_EMBED_SWIFT_STANDARD_LIBRARIES = YES;
				CODE_SIGN_STYLE = Automatic;
				CURRENT_PROJECT_VERSION = 1;
				DEVELOPMENT_TEAM = H5KQM6399W;
				GENERATE_INFOPLIST_FILE = YES;
				MACOSX_DEPLOYMENT_TARGET = 12.3;
				MARKETING_VERSION = 1.0;
				PRODUCT_BUNDLE_IDENTIFIER = "com.rachelskwerer.Tests-macOS";
				PRODUCT_NAME = "$(TARGET_NAME)";
				SDKROOT = macosx;
				SWIFT_EMIT_LOC_STRINGS = NO;
				SWIFT_VERSION = 5.0;
				TEST_TARGET_NAME = "Lesson4 (macOS)";
			};
			name = Release;
		};
/* End XCBuildConfiguration section */

/* Begin XCConfigurationList section */
		FA9A1CD728761CE400CFD5EB /* Build configuration list for PBXProject "Lesson4" */ = {
			isa = XCConfigurationList;
			buildConfigurations = (
				FA9A1D0728761CE600CFD5EB /* Debug */,
				FA9A1D0828761CE600CFD5EB /* Release */,
			);
			defaultConfigurationIsVisible = 0;
			defaultConfigurationName = Release;
		};
		FA9A1D0928761CE600CFD5EB /* Build configuration list for PBXNativeTarget "Lesson4 (iOS)" */ = {
			isa = XCConfigurationList;
			buildConfigurations = (
				FA9A1D0A28761CE600CFD5EB /* Debug */,
				FA9A1D0B28761CE600CFD5EB /* Release */,
			);
			defaultConfigurationIsVisible = 0;
			defaultConfigurationName = Release;
		};
		FA9A1D0C28761CE600CFD5EB /* Build configuration list for PBXNativeTarget "Lesson4 (macOS)" */ = {
			isa = XCConfigurationList;
			buildConfigurations = (
				FA9A1D0D28761CE600CFD5EB /* Debug */,
				FA9A1D0E28761CE600CFD5EB /* Release */,
			);
			defaultConfigurationIsVisible = 0;
			defaultConfigurationName = Release;
		};
		FA9A1D0F28761CE600CFD5EB /* Build configuration list for PBXNativeTarget "Tests iOS" */ = {
			isa = XCConfigurationList;
			buildConfigurations = (
				FA9A1D1028761CE600CFD5EB /* Debug */,
				FA9A1D1128761CE600CFD5EB /* Release */,
			);
			defaultConfigurationIsVisible = 0;
			defaultConfigurationName = Release;
		};
		FA9A1D1228761CE600CFD5EB /* Build configuration list for PBXNativeTarget "Tests macOS" */ = {
			isa = XCConfigurationList;
			buildConfigurations = (
				FA9A1D1328761CE600CFD5EB /* Debug */,
				FA9A1D1428761CE600CFD5EB /* Release */,
			);
			defaultConfigurationIsVisible = 0;
			defaultConfigurationName = Release;
		};
/* End XCConfigurationList section */
	};
	rootObject = FA9A1CD428761CE400CFD5EB /* Project object */;
}
